// !$*UTF8*$!
{
	archiveVersion = 1;
	classes = {
	};
	objectVersion = 56;
	objects = {

/* Begin PBXBuildFile section */
		F21CC85C28985D6D00C7FEED /* Jacquard_TransmitterApp.swift in Sources */ = {isa = PBXBuildFile; fileRef = F21CC85B28985D6D00C7FEED /* Jacquard_TransmitterApp.swift */; };
		F21CC85E28985D6D00C7FEED /* ContentView.swift in Sources */ = {isa = PBXBuildFile; fileRef = F21CC85D28985D6D00C7FEED /* ContentView.swift */; };
		F21CC86028985D6D00C7FEED /* Assets.xcassets in Resources */ = {isa = PBXBuildFile; fileRef = F21CC85F28985D6D00C7FEED /* Assets.xcassets */; };
		F21CC86428985D6D00C7FEED /* Preview Assets.xcassets in Resources */ = {isa = PBXBuildFile; fileRef = F21CC86328985D6D00C7FEED /* Preview Assets.xcassets */; };
		F21CC86C28985DA600C7FEED /* JacquardSDK in Frameworks */ = {isa = PBXBuildFile; productRef = F21CC86B28985DA600C7FEED /* JacquardSDK */; };
		F24B970D289D2D100062727E /* ControllerView.swift in Sources */ = {isa = PBXBuildFile; fileRef = F24B970C289D2D100062727E /* ControllerView.swift */; };
		F24B9710289D333C0062727E /* MultipeerKit in Frameworks */ = {isa = PBXBuildFile; productRef = F24B970F289D333C0062727E /* MultipeerKit */; };
		F24B9713289D35F50062727E /* TransmitterPayload.swift in Sources */ = {isa = PBXBuildFile; fileRef = F24B9712289D35F50062727E /* TransmitterPayload.swift */; };
		F2841CBF289F250500A054E2 /* GestureKeyboard.swift in Sources */ = {isa = PBXBuildFile; fileRef = F2841CBE289F250500A054E2 /* GestureKeyboard.swift */; };
		F2841CC3289F2A4900A054E2 /* SettingPanelView.swift in Sources */ = {isa = PBXBuildFile; fileRef = F2841CC2289F2A4900A054E2 /* SettingPanelView.swift */; };
		F2841CC6289F43A200A054E2 /* VisualEffect.swift in Sources */ = {isa = PBXBuildFile; fileRef = F2841CC4289F436C00A054E2 /* VisualEffect.swift */; };
		F2841CC8289F43C500A054E2 /* TransparentWindow.swift in Sources */ = {isa = PBXBuildFile; fileRef = F2841CC7289F43C500A054E2 /* TransparentWindow.swift */; };
		F2841CCA289FC9CC00A054E2 /* PeerSelector.swift in Sources */ = {isa = PBXBuildFile; fileRef = F2841CC9289FC9CC00A054E2 /* PeerSelector.swift */; };
		F2841CCC289FCC9C00A054E2 /* PeerSelector.swift in Sources */ = {isa = PBXBuildFile; fileRef = F2841CC9289FC9CC00A054E2 /* PeerSelector.swift */; };
		F2841CCE289FD00900A054E2 /* MessagePayload.swift in Sources */ = {isa = PBXBuildFile; fileRef = F2841CCD289FD00900A054E2 /* MessagePayload.swift */; };
		F2841CD1289FD32A00A054E2 /* PeerToggle.swift in Sources */ = {isa = PBXBuildFile; fileRef = F2841CD0289FD32A00A054E2 /* PeerToggle.swift */; };
		F2841CD2289FD32A00A054E2 /* PeerToggle.swift in Sources */ = {isa = PBXBuildFile; fileRef = F2841CD0289FD32A00A054E2 /* PeerToggle.swift */; };
		F2841CD4289FDA9200A054E2 /* LastGesture.swift in Sources */ = {isa = PBXBuildFile; fileRef = F2841CD3289FDA9200A054E2 /* LastGesture.swift */; };
		F2841CD5289FDA9200A054E2 /* LastGesture.swift in Sources */ = {isa = PBXBuildFile; fileRef = F2841CD3289FDA9200A054E2 /* LastGesture.swift */; };
		F2841CD7289FDBE100A054E2 /* MultipeerDevicesView.swift in Sources */ = {isa = PBXBuildFile; fileRef = F2841CD6289FDBE100A054E2 /* MultipeerDevicesView.swift */; };
		F2841CD8289FDBE100A054E2 /* MultipeerDevicesView.swift in Sources */ = {isa = PBXBuildFile; fileRef = F2841CD6289FDBE100A054E2 /* MultipeerDevicesView.swift */; };
		F2841CDA289FDCD700A054E2 /* MultipeerDevices.swift in Sources */ = {isa = PBXBuildFile; fileRef = F2841CD9289FDCD700A054E2 /* MultipeerDevices.swift */; };
		F2841CDB289FDCD700A054E2 /* MultipeerDevices.swift in Sources */ = {isa = PBXBuildFile; fileRef = F2841CD9289FDCD700A054E2 /* MultipeerDevices.swift */; };
		F2841CDD289FF49E00A054E2 /* AppDelegate.swift in Sources */ = {isa = PBXBuildFile; fileRef = F2841CDC289FF49E00A054E2 /* AppDelegate.swift */; };
		F2AC66EC28987925008DF596 /* JacquardTagScanner.swift in Sources */ = {isa = PBXBuildFile; fileRef = F2AC66EB28987925008DF596 /* JacquardTagScanner.swift */; };
		F2B5F574289953A200115789 /* ConnectingView.swift in Sources */ = {isa = PBXBuildFile; fileRef = F2B5F573289953A200115789 /* ConnectingView.swift */; };
		F2B5F5762899687100115789 /* PeerConnectionView.swift in Sources */ = {isa = PBXBuildFile; fileRef = F2B5F5752899687100115789 /* PeerConnectionView.swift */; };
		F2C36787289EA5B600927197 /* JacquardManager.swift in Sources */ = {isa = PBXBuildFile; fileRef = F2C36786289EA5B600927197 /* JacquardManager.swift */; };
		F2C3678F289EB07300927197 /* Jacquard_ReceiverApp.swift in Sources */ = {isa = PBXBuildFile; fileRef = F2C3678E289EB07300927197 /* Jacquard_ReceiverApp.swift */; };
		F2C36791289EB07300927197 /* ContentView.swift in Sources */ = {isa = PBXBuildFile; fileRef = F2C36790289EB07300927197 /* ContentView.swift */; };
		F2C36793289EB07300927197 /* Assets.xcassets in Resources */ = {isa = PBXBuildFile; fileRef = F2C36792289EB07300927197 /* Assets.xcassets */; };
		F2C36796289EB07300927197 /* Preview Assets.xcassets in Resources */ = {isa = PBXBuildFile; fileRef = F2C36795289EB07300927197 /* Preview Assets.xcassets */; };
		F2C3679D289EB0C500927197 /* MultipeerKit in Frameworks */ = {isa = PBXBuildFile; productRef = F2C3679C289EB0C500927197 /* MultipeerKit */; };
		F2C367A3289ECE1A00927197 /* Cancellable.swift in Sources */ = {isa = PBXBuildFile; fileRef = F2C367A2289ECE1A00927197 /* Cancellable.swift */; };
		F2C367A5289ECF6E00927197 /* AnyCancellable.swift in Sources */ = {isa = PBXBuildFile; fileRef = F2C367A4289ECF6E00927197 /* AnyCancellable.swift */; };
		F2C367A7289ED8AC00927197 /* TransmitterPayload.swift in Sources */ = {isa = PBXBuildFile; fileRef = F24B9712289D35F50062727E /* TransmitterPayload.swift */; };
		F2C367B5289EE33600927197 /* GestureInputView.swift in Sources */ = {isa = PBXBuildFile; fileRef = F2C367B4289EE33600927197 /* GestureInputView.swift */; };
		F2C367B8289EEB2A00927197 /* KeyboardKey.swift in Sources */ = {isa = PBXBuildFile; fileRef = F2C367B7289EEB2A00927197 /* KeyboardKey.swift */; };
		F2C367BA289EF27B00927197 /* KeyboardPicker.swift in Sources */ = {isa = PBXBuildFile; fileRef = F2C367B9289EF27B00927197 /* KeyboardPicker.swift */; };
/* End PBXBuildFile section */

/* Begin PBXFileReference section */
		F21CC85828985D6D00C7FEED /* iOS.app */ = {isa = PBXFileReference; explicitFileType = wrapper.application; includeInIndex = 0; path = iOS.app; sourceTree = BUILT_PRODUCTS_DIR; };
		F21CC85B28985D6D00C7FEED /* Jacquard_TransmitterApp.swift */ = {isa = PBXFileReference; indentWidth = 2; lastKnownFileType = sourcecode.swift; path = Jacquard_TransmitterApp.swift; sourceTree = "<group>"; tabWidth = 2; };
		F21CC85D28985D6D00C7FEED /* ContentView.swift */ = {isa = PBXFileReference; indentWidth = 2; lastKnownFileType = sourcecode.swift; path = ContentView.swift; sourceTree = "<group>"; tabWidth = 2; };
		F21CC85F28985D6D00C7FEED /* Assets.xcassets */ = {isa = PBXFileReference; lastKnownFileType = folder.assetcatalog; path = Assets.xcassets; sourceTree = "<group>"; };
		F21CC86128985D6D00C7FEED /* Jacquard_RTC.entitlements */ = {isa = PBXFileReference; lastKnownFileType = text.plist.entitlements; path = Jacquard_RTC.entitlements; sourceTree = "<group>"; };
		F21CC86328985D6D00C7FEED /* Preview Assets.xcassets */ = {isa = PBXFileReference; lastKnownFileType = folder.assetcatalog; path = "Preview Assets.xcassets"; sourceTree = "<group>"; };
		F21CC86D28985E2400C7FEED /* Info.plist */ = {isa = PBXFileReference; lastKnownFileType = text.plist.xml; path = Info.plist; sourceTree = SOURCE_ROOT; };
		F24B970C289D2D100062727E /* ControllerView.swift */ = {isa = PBXFileReference; indentWidth = 2; lastKnownFileType = sourcecode.swift; path = ControllerView.swift; sourceTree = "<group>"; tabWidth = 2; };
		F24B9712289D35F50062727E /* TransmitterPayload.swift */ = {isa = PBXFileReference; indentWidth = 2; lastKnownFileType = sourcecode.swift; path = TransmitterPayload.swift; sourceTree = "<group>"; tabWidth = 2; };
		F2841CBE289F250500A054E2 /* GestureKeyboard.swift */ = {isa = PBXFileReference; lastKnownFileType = sourcecode.swift; path = GestureKeyboard.swift; sourceTree = "<group>"; };
		F2841CC2289F2A4900A054E2 /* SettingPanelView.swift */ = {isa = PBXFileReference; lastKnownFileType = sourcecode.swift; path = SettingPanelView.swift; sourceTree = "<group>"; };
		F2841CC4289F436C00A054E2 /* VisualEffect.swift */ = {isa = PBXFileReference; lastKnownFileType = sourcecode.swift; path = VisualEffect.swift; sourceTree = "<group>"; };
		F2841CC7289F43C500A054E2 /* TransparentWindow.swift */ = {isa = PBXFileReference; lastKnownFileType = sourcecode.swift; path = TransparentWindow.swift; sourceTree = "<group>"; };
		F2841CC9289FC9CC00A054E2 /* PeerSelector.swift */ = {isa = PBXFileReference; lastKnownFileType = sourcecode.swift; path = PeerSelector.swift; sourceTree = "<group>"; };
		F2841CCD289FD00900A054E2 /* MessagePayload.swift */ = {isa = PBXFileReference; lastKnownFileType = sourcecode.swift; path = MessagePayload.swift; sourceTree = "<group>"; };
		F2841CD0289FD32A00A054E2 /* PeerToggle.swift */ = {isa = PBXFileReference; lastKnownFileType = sourcecode.swift; path = PeerToggle.swift; sourceTree = "<group>"; };
		F2841CD3289FDA9200A054E2 /* LastGesture.swift */ = {isa = PBXFileReference; lastKnownFileType = sourcecode.swift; path = LastGesture.swift; sourceTree = "<group>"; };
		F2841CD6289FDBE100A054E2 /* MultipeerDevicesView.swift */ = {isa = PBXFileReference; lastKnownFileType = sourcecode.swift; path = MultipeerDevicesView.swift; sourceTree = "<group>"; };
		F2841CD9289FDCD700A054E2 /* MultipeerDevices.swift */ = {isa = PBXFileReference; lastKnownFileType = sourcecode.swift; path = MultipeerDevices.swift; sourceTree = "<group>"; };
		F2841CDC289FF49E00A054E2 /* AppDelegate.swift */ = {isa = PBXFileReference; lastKnownFileType = sourcecode.swift; path = AppDelegate.swift; sourceTree = "<group>"; };
		F2AC66EB28987925008DF596 /* JacquardTagScanner.swift */ = {isa = PBXFileReference; indentWidth = 2; lastKnownFileType = sourcecode.swift; path = JacquardTagScanner.swift; sourceTree = "<group>"; tabWidth = 2; };
		F2B5F573289953A200115789 /* ConnectingView.swift */ = {isa = PBXFileReference; indentWidth = 2; lastKnownFileType = sourcecode.swift; path = ConnectingView.swift; sourceTree = "<group>"; tabWidth = 2; };
		F2B5F5752899687100115789 /* PeerConnectionView.swift */ = {isa = PBXFileReference; indentWidth = 2; lastKnownFileType = sourcecode.swift; path = PeerConnectionView.swift; sourceTree = "<group>"; tabWidth = 2; };
		F2C36786289EA5B600927197 /* JacquardManager.swift */ = {isa = PBXFileReference; indentWidth = 2; lastKnownFileType = sourcecode.swift; path = JacquardManager.swift; sourceTree = "<group>"; tabWidth = 2; };
		F2C3678C289EB07300927197 /* Jacquard Receiver.app */ = {isa = PBXFileReference; explicitFileType = wrapper.application; includeInIndex = 0; path = "Jacquard Receiver.app"; sourceTree = BUILT_PRODUCTS_DIR; };
		F2C3678E289EB07300927197 /* Jacquard_ReceiverApp.swift */ = {isa = PBXFileReference; lastKnownFileType = sourcecode.swift; path = Jacquard_ReceiverApp.swift; sourceTree = "<group>"; };
		F2C36790289EB07300927197 /* ContentView.swift */ = {isa = PBXFileReference; indentWidth = 2; lastKnownFileType = sourcecode.swift; path = ContentView.swift; sourceTree = "<group>"; tabWidth = 2; };
		F2C36792289EB07300927197 /* Assets.xcassets */ = {isa = PBXFileReference; lastKnownFileType = folder.assetcatalog; path = Assets.xcassets; sourceTree = "<group>"; };
		F2C36795289EB07300927197 /* Preview Assets.xcassets */ = {isa = PBXFileReference; lastKnownFileType = folder.assetcatalog; path = "Preview Assets.xcassets"; sourceTree = "<group>"; };
		F2C36797289EB07300927197 /* Jacquard_Receiver.entitlements */ = {isa = PBXFileReference; lastKnownFileType = text.plist.entitlements; path = Jacquard_Receiver.entitlements; sourceTree = "<group>"; };
		F2C367A2289ECE1A00927197 /* Cancellable.swift */ = {isa = PBXFileReference; lastKnownFileType = sourcecode.swift; path = Cancellable.swift; sourceTree = "<group>"; };
		F2C367A4289ECF6E00927197 /* AnyCancellable.swift */ = {isa = PBXFileReference; lastKnownFileType = sourcecode.swift; path = AnyCancellable.swift; sourceTree = "<group>"; };
		F2C367B4289EE33600927197 /* GestureInputView.swift */ = {isa = PBXFileReference; lastKnownFileType = sourcecode.swift; path = GestureInputView.swift; sourceTree = "<group>"; };
		F2C367B7289EEB2A00927197 /* KeyboardKey.swift */ = {isa = PBXFileReference; lastKnownFileType = sourcecode.swift; path = KeyboardKey.swift; sourceTree = "<group>"; };
		F2C367B9289EF27B00927197 /* KeyboardPicker.swift */ = {isa = PBXFileReference; lastKnownFileType = sourcecode.swift; path = KeyboardPicker.swift; sourceTree = "<group>"; };
/* End PBXFileReference section */

/* Begin PBXFrameworksBuildPhase section */
		F21CC85528985D6D00C7FEED /* Frameworks */ = {
			isa = PBXFrameworksBuildPhase;
			buildActionMask = 2147483647;
			files = (
				F21CC86C28985DA600C7FEED /* JacquardSDK in Frameworks */,
				F24B9710289D333C0062727E /* MultipeerKit in Frameworks */,
			);
			runOnlyForDeploymentPostprocessing = 0;
		};
		F2C36789289EB07300927197 /* Frameworks */ = {
			isa = PBXFrameworksBuildPhase;
			buildActionMask = 2147483647;
			files = (
				F2C3679D289EB0C500927197 /* MultipeerKit in Frameworks */,
			);
			runOnlyForDeploymentPostprocessing = 0;
		};
/* End PBXFrameworksBuildPhase section */

/* Begin PBXGroup section */
		F21CC84F28985D6D00C7FEED = {
			isa = PBXGroup;
			children = (
				F2C367A6289ED8A100927197 /* Shared */,
				F21CC85A28985D6D00C7FEED /* Jacquard Transmitter */,
				F2C3678D289EB07300927197 /* Jacquard Receiver */,
				F21CC85928985D6D00C7FEED /* Products */,
				F2C3679B289EB0C500927197 /* Frameworks */,
			);
			indentWidth = 2;
			sourceTree = "<group>";
			tabWidth = 2;
		};
		F21CC85928985D6D00C7FEED /* Products */ = {
			isa = PBXGroup;
			children = (
				F21CC85828985D6D00C7FEED /* iOS.app */,
				F2C3678C289EB07300927197 /* Jacquard Receiver.app */,
			);
			name = Products;
			sourceTree = "<group>";
		};
		F21CC85A28985D6D00C7FEED /* Jacquard Transmitter */ = {
			isa = PBXGroup;
			children = (
				F2C36785289EA5AA00927197 /* Extensions */,
				F2B5F5702899537A00115789 /* Views */,
				F21CC86D28985E2400C7FEED /* Info.plist */,
				F21CC85B28985D6D00C7FEED /* Jacquard_TransmitterApp.swift */,
				F21CC85D28985D6D00C7FEED /* ContentView.swift */,
				F2AC66EB28987925008DF596 /* JacquardTagScanner.swift */,
				F21CC85F28985D6D00C7FEED /* Assets.xcassets */,
				F21CC86128985D6D00C7FEED /* Jacquard_RTC.entitlements */,
				F21CC86228985D6D00C7FEED /* Preview Content */,
			);
			path = "Jacquard Transmitter";
			sourceTree = "<group>";
		};
		F21CC86228985D6D00C7FEED /* Preview Content */ = {
			isa = PBXGroup;
			children = (
				F21CC86328985D6D00C7FEED /* Preview Assets.xcassets */,
			);
			path = "Preview Content";
			sourceTree = "<group>";
		};
		F24B9711289D35E00062727E /* Codable */ = {
			isa = PBXGroup;
			children = (
				F24B9712289D35F50062727E /* TransmitterPayload.swift */,
				F2841CCD289FD00900A054E2 /* MessagePayload.swift */,
			);
			path = Codable;
			sourceTree = "<group>";
		};
		F2841CBD289F24E300A054E2 /* ObservableObject */ = {
			isa = PBXGroup;
			children = (
				F2841CBE289F250500A054E2 /* GestureKeyboard.swift */,
			);
			path = ObservableObject;
			sourceTree = "<group>";
		};
		F2841CCB289FCC9600A054E2 /* ObservableObject */ = {
			isa = PBXGroup;
			children = (
				F2841CC9289FC9CC00A054E2 /* PeerSelector.swift */,
				F2841CD9289FDCD700A054E2 /* MultipeerDevices.swift */,
			);
			path = ObservableObject;
			sourceTree = "<group>";
		};
		F2841CCF289FD31A00A054E2 /* View */ = {
			isa = PBXGroup;
			children = (
				F2841CD0289FD32A00A054E2 /* PeerToggle.swift */,
				F2841CD3289FDA9200A054E2 /* LastGesture.swift */,
				F2841CD6289FDBE100A054E2 /* MultipeerDevicesView.swift */,
			);
			path = View;
			sourceTree = "<group>";
		};
		F2B5F5702899537A00115789 /* Views */ = {
			isa = PBXGroup;
			children = (
				F2B5F573289953A200115789 /* ConnectingView.swift */,
				F2B5F5752899687100115789 /* PeerConnectionView.swift */,
				F24B970C289D2D100062727E /* ControllerView.swift */,
			);
			path = Views;
			sourceTree = "<group>";
		};
		F2C36785289EA5AA00927197 /* Extensions */ = {
			isa = PBXGroup;
			children = (
				F2C36786289EA5B600927197 /* JacquardManager.swift */,
				F2C367A2289ECE1A00927197 /* Cancellable.swift */,
				F2C367A4289ECF6E00927197 /* AnyCancellable.swift */,
			);
			path = Extensions;
			sourceTree = "<group>";
		};
		F2C3678D289EB07300927197 /* Jacquard Receiver */ = {
			isa = PBXGroup;
			children = (
				F2841CBD289F24E300A054E2 /* ObservableObject */,
				F2C367B6289EEB1200927197 /* Enumerations */,
				F2C367AE289EDCBC00927197 /* Extensions */,
				F2C367A8289EDB2300927197 /* Views */,
				F2C3678E289EB07300927197 /* Jacquard_ReceiverApp.swift */,
				F2C36790289EB07300927197 /* ContentView.swift */,
				F2C36792289EB07300927197 /* Assets.xcassets */,
				F2C36797289EB07300927197 /* Jacquard_Receiver.entitlements */,
				F2C36794289EB07300927197 /* Preview Content */,
			);
			path = "Jacquard Receiver";
			sourceTree = "<group>";
		};
		F2C36794289EB07300927197 /* Preview Content */ = {
			isa = PBXGroup;
			children = (
				F2C36795289EB07300927197 /* Preview Assets.xcassets */,
			);
			path = "Preview Content";
			sourceTree = "<group>";
		};
		F2C3679B289EB0C500927197 /* Frameworks */ = {
			isa = PBXGroup;
			children = (
			);
			name = Frameworks;
			sourceTree = "<group>";
		};
		F2C367A6289ED8A100927197 /* Shared */ = {
			isa = PBXGroup;
			children = (
				F2DDD64A28A0216600E1F35B /* Extensions */,
				F2841CCF289FD31A00A054E2 /* View */,
				F2841CCB289FCC9600A054E2 /* ObservableObject */,
				F24B9711289D35E00062727E /* Codable */,
			);
			path = Shared;
			sourceTree = "<group>";
		};
		F2C367A8289EDB2300927197 /* Views */ = {
			isa = PBXGroup;
			children = (
				F2C367B4289EE33600927197 /* GestureInputView.swift */,
				F2C367B9289EF27B00927197 /* KeyboardPicker.swift */,
				F2841CC2289F2A4900A054E2 /* SettingPanelView.swift */,
			);
			path = Views;
			sourceTree = "<group>";
		};
		F2C367AE289EDCBC00927197 /* Extensions */ = {
			isa = PBXGroup;
			children = (
				F2841CC4289F436C00A054E2 /* VisualEffect.swift */,
				F2841CC7289F43C500A054E2 /* TransparentWindow.swift */,
				F2841CDC289FF49E00A054E2 /* AppDelegate.swift */,
			);
			path = Extensions;
			sourceTree = "<group>";
		};
		F2C367B6289EEB1200927197 /* Enumerations */ = {
			isa = PBXGroup;
			children = (
				F2C367B7289EEB2A00927197 /* KeyboardKey.swift */,
			);
			path = Enumerations;
			sourceTree = "<group>";
		};
		F2DDD64A28A0216600E1F35B /* Extensions */ = {
			isa = PBXGroup;
			children = (
			);
			path = Extensions;
			sourceTree = "<group>";
		};
/* End PBXGroup section */

/* Begin PBXNativeTarget section */
		F21CC85728985D6D00C7FEED /* iOS */ = {
			isa = PBXNativeTarget;
			buildConfigurationList = F21CC86728985D6D00C7FEED /* Build configuration list for PBXNativeTarget "iOS" */;
			buildPhases = (
				F21CC85428985D6D00C7FEED /* Sources */,
				F21CC85528985D6D00C7FEED /* Frameworks */,
				F21CC85628985D6D00C7FEED /* Resources */,
			);
			buildRules = (
			);
			dependencies = (
			);
			name = iOS;
			packageProductDependencies = (
				F21CC86B28985DA600C7FEED /* JacquardSDK */,
				F24B970F289D333C0062727E /* MultipeerKit */,
			);
			productName = "Jacquard Transmitter";
			productReference = F21CC85828985D6D00C7FEED /* iOS.app */;
			productType = "com.apple.product-type.application";
		};
		F2C3678B289EB07300927197 /* macOS */ = {
			isa = PBXNativeTarget;
			buildConfigurationList = F2C36798289EB07300927197 /* Build configuration list for PBXNativeTarget "macOS" */;
			buildPhases = (
				F2C36788289EB07300927197 /* Sources */,
				F2C36789289EB07300927197 /* Frameworks */,
				F2C3678A289EB07300927197 /* Resources */,
			);
			buildRules = (
			);
			dependencies = (
			);
			name = macOS;
			packageProductDependencies = (
				F2C3679C289EB0C500927197 /* MultipeerKit */,
			);
			productName = "Jacquard Receiver";
			productReference = F2C3678C289EB07300927197 /* Jacquard Receiver.app */;
			productType = "com.apple.product-type.application";
		};
/* End PBXNativeTarget section */

/* Begin PBXProject section */
		F21CC85028985D6D00C7FEED /* Project object */ = {
			isa = PBXProject;
			attributes = {
				BuildIndependentTargetsInParallel = 1;
				LastSwiftUpdateCheck = 1400;
				LastUpgradeCheck = 1400;
				TargetAttributes = {
					F21CC85728985D6D00C7FEED = {
						CreatedOnToolsVersion = 14.0;
					};
					F2C3678B289EB07300927197 = {
						CreatedOnToolsVersion = 14.0;
					};
				};
			};
			buildConfigurationList = F21CC85328985D6D00C7FEED /* Build configuration list for PBXProject "Jacquard RTC" */;
			compatibilityVersion = "Xcode 14.0";
			developmentRegion = en;
			hasScannedForEncodings = 0;
			knownRegions = (
				en,
				Base,
			);
			mainGroup = F21CC84F28985D6D00C7FEED;
			packageReferences = (
				F21CC86A28985DA600C7FEED /* XCRemoteSwiftPackageReference "JacquardSDKiOS" */,
				F24B970E289D333C0062727E /* XCRemoteSwiftPackageReference "MultipeerKit" */,
			);
			productRefGroup = F21CC85928985D6D00C7FEED /* Products */;
			projectDirPath = "";
			projectRoot = "";
			targets = (
				F21CC85728985D6D00C7FEED /* iOS */,
				F2C3678B289EB07300927197 /* macOS */,
			);
		};
/* End PBXProject section */

/* Begin PBXResourcesBuildPhase section */
		F21CC85628985D6D00C7FEED /* Resources */ = {
			isa = PBXResourcesBuildPhase;
			buildActionMask = 2147483647;
			files = (
				F21CC86428985D6D00C7FEED /* Preview Assets.xcassets in Resources */,
				F21CC86028985D6D00C7FEED /* Assets.xcassets in Resources */,
			);
			runOnlyForDeploymentPostprocessing = 0;
		};
		F2C3678A289EB07300927197 /* Resources */ = {
			isa = PBXResourcesBuildPhase;
			buildActionMask = 2147483647;
			files = (
				F2C36796289EB07300927197 /* Preview Assets.xcassets in Resources */,
				F2C36793289EB07300927197 /* Assets.xcassets in Resources */,
			);
			runOnlyForDeploymentPostprocessing = 0;
		};
/* End PBXResourcesBuildPhase section */

/* Begin PBXSourcesBuildPhase section */
		F21CC85428985D6D00C7FEED /* Sources */ = {
			isa = PBXSourcesBuildPhase;
			buildActionMask = 2147483647;
			files = (
				F2841CCC289FCC9C00A054E2 /* PeerSelector.swift in Sources */,
				F2841CD1289FD32A00A054E2 /* PeerToggle.swift in Sources */,
				F2C367A3289ECE1A00927197 /* Cancellable.swift in Sources */,
				F24B970D289D2D100062727E /* ControllerView.swift in Sources */,
				F2B5F574289953A200115789 /* ConnectingView.swift in Sources */,
				F2841CDA289FDCD700A054E2 /* MultipeerDevices.swift in Sources */,
				F2841CD7289FDBE100A054E2 /* MultipeerDevicesView.swift in Sources */,
				F24B9713289D35F50062727E /* TransmitterPayload.swift in Sources */,
				F2841CD4289FDA9200A054E2 /* LastGesture.swift in Sources */,
				F2B5F5762899687100115789 /* PeerConnectionView.swift in Sources */,
				F21CC85E28985D6D00C7FEED /* ContentView.swift in Sources */,
				F2AC66EC28987925008DF596 /* JacquardTagScanner.swift in Sources */,
				F2C367A5289ECF6E00927197 /* AnyCancellable.swift in Sources */,
				F2C36787289EA5B600927197 /* JacquardManager.swift in Sources */,
				F21CC85C28985D6D00C7FEED /* Jacquard_TransmitterApp.swift in Sources */,
			);
			runOnlyForDeploymentPostprocessing = 0;
		};
		F2C36788289EB07300927197 /* Sources */ = {
			isa = PBXSourcesBuildPhase;
			buildActionMask = 2147483647;
			files = (
				F2841CCA289FC9CC00A054E2 /* PeerSelector.swift in Sources */,
				F2C367A7289ED8AC00927197 /* TransmitterPayload.swift in Sources */,
				F2841CBF289F250500A054E2 /* GestureKeyboard.swift in Sources */,
				F2841CC3289F2A4900A054E2 /* SettingPanelView.swift in Sources */,
				F2C36791289EB07300927197 /* ContentView.swift in Sources */,
				F2841CD8289FDBE100A054E2 /* MultipeerDevicesView.swift in Sources */,
				F2841CD2289FD32A00A054E2 /* PeerToggle.swift in Sources */,
				F2C367BA289EF27B00927197 /* KeyboardPicker.swift in Sources */,
				F2841CD5289FDA9200A054E2 /* LastGesture.swift in Sources */,
				F2C367B8289EEB2A00927197 /* KeyboardKey.swift in Sources */,
				F2841CC6289F43A200A054E2 /* VisualEffect.swift in Sources */,
				F2841CDB289FDCD700A054E2 /* MultipeerDevices.swift in Sources */,
				F2C3678F289EB07300927197 /* Jacquard_ReceiverApp.swift in Sources */,
				F2841CC8289F43C500A054E2 /* TransparentWindow.swift in Sources */,
				F2841CCE289FD00900A054E2 /* MessagePayload.swift in Sources */,
				F2841CDD289FF49E00A054E2 /* AppDelegate.swift in Sources */,
				F2C367B5289EE33600927197 /* GestureInputView.swift in Sources */,
			);
			runOnlyForDeploymentPostprocessing = 0;
		};
/* End PBXSourcesBuildPhase section */

/* Begin XCBuildConfiguration section */
		F21CC86528985D6D00C7FEED /* Debug */ = {
			isa = XCBuildConfiguration;
			buildSettings = {
				ALWAYS_SEARCH_USER_PATHS = NO;
				CLANG_ANALYZER_NONNULL = YES;
				CLANG_ANALYZER_NUMBER_OBJECT_CONVERSION = YES_AGGRESSIVE;
				CLANG_CXX_LANGUAGE_STANDARD = "gnu++17";
				CLANG_ENABLE_MODULES = YES;
				CLANG_ENABLE_OBJC_ARC = YES;
				CLANG_ENABLE_OBJC_WEAK = YES;
				CLANG_WARN_BLOCK_CAPTURE_AUTORELEASING = YES;
				CLANG_WARN_BOOL_CONVERSION = YES;
				CLANG_WARN_COMMA = YES;
				CLANG_WARN_CONSTANT_CONVERSION = YES;
				CLANG_WARN_DEPRECATED_OBJC_IMPLEMENTATIONS = YES;
				CLANG_WARN_DIRECT_OBJC_ISA_USAGE = YES_ERROR;
				CLANG_WARN_DOCUMENTATION_COMMENTS = YES;
				CLANG_WARN_EMPTY_BODY = YES;
				CLANG_WARN_ENUM_CONVERSION = YES;
				CLANG_WARN_INFINITE_RECURSION = YES;
				CLANG_WARN_INT_CONVERSION = YES;
				CLANG_WARN_NON_LITERAL_NULL_CONVERSION = YES;
				CLANG_WARN_OBJC_IMPLICIT_RETAIN_SELF = YES;
				CLANG_WARN_OBJC_LITERAL_CONVERSION = YES;
				CLANG_WARN_OBJC_ROOT_CLASS = YES_ERROR;
				CLANG_WARN_QUOTED_INCLUDE_IN_FRAMEWORK_HEADER = YES;
				CLANG_WARN_RANGE_LOOP_ANALYSIS = YES;
				CLANG_WARN_STRICT_PROTOTYPES = YES;
				CLANG_WARN_SUSPICIOUS_MOVE = YES;
				CLANG_WARN_UNGUARDED_AVAILABILITY = YES_AGGRESSIVE;
				CLANG_WARN_UNREACHABLE_CODE = YES;
				CLANG_WARN__DUPLICATE_METHOD_MATCH = YES;
				COPY_PHASE_STRIP = NO;
				DEBUG_INFORMATION_FORMAT = dwarf;
				ENABLE_STRICT_OBJC_MSGSEND = YES;
				ENABLE_TESTABILITY = YES;
				GCC_C_LANGUAGE_STANDARD = gnu11;
				GCC_DYNAMIC_NO_PIC = NO;
				GCC_NO_COMMON_BLOCKS = YES;
				GCC_OPTIMIZATION_LEVEL = 0;
				GCC_PREPROCESSOR_DEFINITIONS = (
					"DEBUG=1",
					"$(inherited)",
				);
				GCC_WARN_64_TO_32_BIT_CONVERSION = YES;
				GCC_WARN_ABOUT_RETURN_TYPE = YES_ERROR;
				GCC_WARN_UNDECLARED_SELECTOR = YES;
				GCC_WARN_UNINITIALIZED_AUTOS = YES_AGGRESSIVE;
				GCC_WARN_UNUSED_FUNCTION = YES;
				GCC_WARN_UNUSED_VARIABLE = YES;
				MTL_ENABLE_DEBUG_INFO = INCLUDE_SOURCE;
				MTL_FAST_MATH = YES;
				ONLY_ACTIVE_ARCH = YES;
				SWIFT_ACTIVE_COMPILATION_CONDITIONS = DEBUG;
				SWIFT_OPTIMIZATION_LEVEL = "-Onone";
			};
			name = Debug;
		};
		F21CC86628985D6D00C7FEED /* Release */ = {
			isa = XCBuildConfiguration;
			buildSettings = {
				ALWAYS_SEARCH_USER_PATHS = NO;
				CLANG_ANALYZER_NONNULL = YES;
				CLANG_ANALYZER_NUMBER_OBJECT_CONVERSION = YES_AGGRESSIVE;
				CLANG_CXX_LANGUAGE_STANDARD = "gnu++17";
				CLANG_ENABLE_MODULES = YES;
				CLANG_ENABLE_OBJC_ARC = YES;
				CLANG_ENABLE_OBJC_WEAK = YES;
				CLANG_WARN_BLOCK_CAPTURE_AUTORELEASING = YES;
				CLANG_WARN_BOOL_CONVERSION = YES;
				CLANG_WARN_COMMA = YES;
				CLANG_WARN_CONSTANT_CONVERSION = YES;
				CLANG_WARN_DEPRECATED_OBJC_IMPLEMENTATIONS = YES;
				CLANG_WARN_DIRECT_OBJC_ISA_USAGE = YES_ERROR;
				CLANG_WARN_DOCUMENTATION_COMMENTS = YES;
				CLANG_WARN_EMPTY_BODY = YES;
				CLANG_WARN_ENUM_CONVERSION = YES;
				CLANG_WARN_INFINITE_RECURSION = YES;
				CLANG_WARN_INT_CONVERSION = YES;
				CLANG_WARN_NON_LITERAL_NULL_CONVERSION = YES;
				CLANG_WARN_OBJC_IMPLICIT_RETAIN_SELF = YES;
				CLANG_WARN_OBJC_LITERAL_CONVERSION = YES;
				CLANG_WARN_OBJC_ROOT_CLASS = YES_ERROR;
				CLANG_WARN_QUOTED_INCLUDE_IN_FRAMEWORK_HEADER = YES;
				CLANG_WARN_RANGE_LOOP_ANALYSIS = YES;
				CLANG_WARN_STRICT_PROTOTYPES = YES;
				CLANG_WARN_SUSPICIOUS_MOVE = YES;
				CLANG_WARN_UNGUARDED_AVAILABILITY = YES_AGGRESSIVE;
				CLANG_WARN_UNREACHABLE_CODE = YES;
				CLANG_WARN__DUPLICATE_METHOD_MATCH = YES;
				COPY_PHASE_STRIP = NO;
				DEBUG_INFORMATION_FORMAT = "dwarf-with-dsym";
				ENABLE_NS_ASSERTIONS = NO;
				ENABLE_STRICT_OBJC_MSGSEND = YES;
				GCC_C_LANGUAGE_STANDARD = gnu11;
				GCC_NO_COMMON_BLOCKS = YES;
				GCC_WARN_64_TO_32_BIT_CONVERSION = YES;
				GCC_WARN_ABOUT_RETURN_TYPE = YES_ERROR;
				GCC_WARN_UNDECLARED_SELECTOR = YES;
				GCC_WARN_UNINITIALIZED_AUTOS = YES_AGGRESSIVE;
				GCC_WARN_UNUSED_FUNCTION = YES;
				GCC_WARN_UNUSED_VARIABLE = YES;
				MTL_ENABLE_DEBUG_INFO = NO;
				MTL_FAST_MATH = YES;
				SWIFT_COMPILATION_MODE = wholemodule;
				SWIFT_OPTIMIZATION_LEVEL = "-O";
			};
			name = Release;
		};
		F21CC86828985D6D00C7FEED /* Debug */ = {
			isa = XCBuildConfiguration;
			buildSettings = {
				ASSETCATALOG_COMPILER_APPICON_NAME = AppIcon;
				ASSETCATALOG_COMPILER_GLOBAL_ACCENT_COLOR_NAME = AccentColor;
				ASSETCATALOG_COMPILER_INCLUDE_ALL_APPICON_ASSETS = NO;
				CODE_SIGN_ENTITLEMENTS = "Jacquard Transmitter/Jacquard_RTC.entitlements";
				CODE_SIGN_STYLE = Automatic;
				CURRENT_PROJECT_VERSION = 1;
				DEVELOPMENT_ASSET_PATHS = "\"Jacquard Transmitter/Preview Content\"";
				DEVELOPMENT_TEAM = 3Q5KKY45ZN;
				ENABLE_HARDENED_RUNTIME = YES;
				ENABLE_PREVIEWS = YES;
				GENERATE_INFOPLIST_FILE = YES;
				INFOPLIST_FILE = Info.plist;
				INFOPLIST_KEY_CFBundleDisplayName = "Jacquard Transmitter";
				INFOPLIST_KEY_LSApplicationCategoryType = "public.app-category.utilities";
				INFOPLIST_KEY_NSBluetoothAlwaysUsageDescription = "Using Bluetooth to locate Jacquard tags";
				INFOPLIST_KEY_NSLocalNetworkUsageDescription = "Using local network to broadcast gestures to reciver";
				"INFOPLIST_KEY_UILaunchScreen_Generation[sdk=iphoneos*]" = YES;
				"INFOPLIST_KEY_UILaunchScreen_Generation[sdk=iphonesimulator*]" = YES;
				INFOPLIST_KEY_UIStatusBarHidden = NO;
				INFOPLIST_KEY_UIStatusBarStyle = UIStatusBarStyleLightContent;
				INFOPLIST_KEY_UISupportedInterfaceOrientations = UIInterfaceOrientationPortrait;
				INFOPLIST_KEY_UISupportedInterfaceOrientations_iPad = "UIInterfaceOrientationLandscapeLeft UIInterfaceOrientationLandscapeRight UIInterfaceOrientationPortraitUpsideDown";
				IPHONEOS_DEPLOYMENT_TARGET = 16.0;
				LD_RUNPATH_SEARCH_PATHS = "@executable_path/Frameworks";
				"LD_RUNPATH_SEARCH_PATHS[sdk=macosx*]" = "@executable_path/../Frameworks";
				MARKETING_VERSION = 1.1;
				PRODUCT_BUNDLE_IDENTIFIER = "com.rayriffy.Jacquard-Transmitter";
				PRODUCT_NAME = "$(TARGET_NAME)";
				SDKROOT = auto;
				SUPPORTED_PLATFORMS = "iphoneos iphonesimulator";
				SUPPORTS_MACCATALYST = NO;
				SUPPORTS_MAC_DESIGNED_FOR_IPHONE_IPAD = NO;
				SWIFT_EMIT_LOC_STRINGS = YES;
				SWIFT_VERSION = 5.0;
				TARGETED_DEVICE_FAMILY = 1;
			};
			name = Debug;
		};
		F21CC86928985D6D00C7FEED /* Release */ = {
			isa = XCBuildConfiguration;
			buildSettings = {
				ASSETCATALOG_COMPILER_APPICON_NAME = AppIcon;
				ASSETCATALOG_COMPILER_GLOBAL_ACCENT_COLOR_NAME = AccentColor;
				ASSETCATALOG_COMPILER_INCLUDE_ALL_APPICON_ASSETS = NO;
				CODE_SIGN_ENTITLEMENTS = "Jacquard Transmitter/Jacquard_RTC.entitlements";
				CODE_SIGN_STYLE = Automatic;
				CURRENT_PROJECT_VERSION = 1;
				DEVELOPMENT_ASSET_PATHS = "\"Jacquard Transmitter/Preview Content\"";
				DEVELOPMENT_TEAM = 3Q5KKY45ZN;
				ENABLE_HARDENED_RUNTIME = YES;
				ENABLE_PREVIEWS = YES;
				GENERATE_INFOPLIST_FILE = YES;
				INFOPLIST_FILE = Info.plist;
				INFOPLIST_KEY_CFBundleDisplayName = "Jacquard Transmitter";
				INFOPLIST_KEY_LSApplicationCategoryType = "public.app-category.utilities";
				INFOPLIST_KEY_NSBluetoothAlwaysUsageDescription = "Using Bluetooth to locate Jacquard tags";
				INFOPLIST_KEY_NSLocalNetworkUsageDescription = "Using local network to broadcast gestures to reciver";
				"INFOPLIST_KEY_UILaunchScreen_Generation[sdk=iphoneos*]" = YES;
				"INFOPLIST_KEY_UILaunchScreen_Generation[sdk=iphonesimulator*]" = YES;
				INFOPLIST_KEY_UIStatusBarHidden = NO;
				INFOPLIST_KEY_UIStatusBarStyle = UIStatusBarStyleLightContent;
				INFOPLIST_KEY_UISupportedInterfaceOrientations = UIInterfaceOrientationPortrait;
				INFOPLIST_KEY_UISupportedInterfaceOrientations_iPad = "UIInterfaceOrientationLandscapeLeft UIInterfaceOrientationLandscapeRight UIInterfaceOrientationPortraitUpsideDown";
				IPHONEOS_DEPLOYMENT_TARGET = 16.0;
				LD_RUNPATH_SEARCH_PATHS = "@executable_path/Frameworks";
				"LD_RUNPATH_SEARCH_PATHS[sdk=macosx*]" = "@executable_path/../Frameworks";
				MARKETING_VERSION = 1.1;
				PRODUCT_BUNDLE_IDENTIFIER = "com.rayriffy.Jacquard-Transmitter";
				PRODUCT_NAME = "$(TARGET_NAME)";
				SDKROOT = auto;
				SUPPORTED_PLATFORMS = "iphoneos iphonesimulator";
				SUPPORTS_MACCATALYST = NO;
				SUPPORTS_MAC_DESIGNED_FOR_IPHONE_IPAD = NO;
				SWIFT_EMIT_LOC_STRINGS = YES;
				SWIFT_VERSION = 5.0;
				TARGETED_DEVICE_FAMILY = 1;
			};
			name = Release;
		};
		F2C36799289EB07300927197 /* Debug */ = {
			isa = XCBuildConfiguration;
			buildSettings = {
				ASSETCATALOG_COMPILER_APPICON_NAME = AppIcon;
				ASSETCATALOG_COMPILER_GLOBAL_ACCENT_COLOR_NAME = AccentColor;
				CLANG_CXX_LANGUAGE_STANDARD = "gnu++20";
				CODE_SIGN_ENTITLEMENTS = "Jacquard Receiver/Jacquard_Receiver.entitlements";
				CODE_SIGN_STYLE = Automatic;
				COMBINE_HIDPI_IMAGES = YES;
				CURRENT_PROJECT_VERSION = 1;
				DEVELOPMENT_ASSET_PATHS = "\"Jacquard Receiver/Preview Content\"";
				DEVELOPMENT_TEAM = 3Q5KKY45ZN;
				ENABLE_HARDENED_RUNTIME = YES;
				ENABLE_PREVIEWS = YES;
				GENERATE_INFOPLIST_FILE = YES;
				INFOPLIST_KEY_CFBundleDisplayName = "Jacquard Receiver";
				INFOPLIST_KEY_LSApplicationCategoryType = "public.app-category.utilities";
				INFOPLIST_KEY_NSHumanReadableCopyright = "";
				LD_RUNPATH_SEARCH_PATHS = (
					"$(inherited)",
					"@executable_path/../Frameworks",
				);
				MACOSX_DEPLOYMENT_TARGET = 12.4;
				MARKETING_VERSION = 1.1;
				PRODUCT_BUNDLE_IDENTIFIER = "com.rayriffy.Jacquard-Receiver";
				PRODUCT_NAME = "Jacquard Receiver";
				SDKROOT = macosx;
				SWIFT_EMIT_LOC_STRINGS = YES;
				SWIFT_VERSION = 5.0;
			};
			name = Debug;
		};
		F2C3679A289EB07300927197 /* Release */ = {
			isa = XCBuildConfiguration;
			buildSettings = {
				ASSETCATALOG_COMPILER_APPICON_NAME = AppIcon;
				ASSETCATALOG_COMPILER_GLOBAL_ACCENT_COLOR_NAME = AccentColor;
				CLANG_CXX_LANGUAGE_STANDARD = "gnu++20";
				CODE_SIGN_ENTITLEMENTS = "Jacquard Receiver/Jacquard_Receiver.entitlements";
				CODE_SIGN_STYLE = Automatic;
				COMBINE_HIDPI_IMAGES = YES;
				CURRENT_PROJECT_VERSION = 1;
				DEVELOPMENT_ASSET_PATHS = "\"Jacquard Receiver/Preview Content\"";
				DEVELOPMENT_TEAM = 3Q5KKY45ZN;
				ENABLE_HARDENED_RUNTIME = YES;
				ENABLE_PREVIEWS = YES;
				GENERATE_INFOPLIST_FILE = YES;
				INFOPLIST_KEY_CFBundleDisplayName = "Jacquard Receiver";
				INFOPLIST_KEY_LSApplicationCategoryType = "public.app-category.utilities";
				INFOPLIST_KEY_NSHumanReadableCopyright = "";
				LD_RUNPATH_SEARCH_PATHS = (
					"$(inherited)",
					"@executable_path/../Frameworks",
				);
				MACOSX_DEPLOYMENT_TARGET = 12.4;
				MARKETING_VERSION = 1.1;
				PRODUCT_BUNDLE_IDENTIFIER = "com.rayriffy.Jacquard-Receiver";
				PRODUCT_NAME = "Jacquard Receiver";
				SDKROOT = macosx;
				SWIFT_EMIT_LOC_STRINGS = YES;
				SWIFT_VERSION = 5.0;
			};
			name = Release;
		};
/* End XCBuildConfiguration section */

/* Begin XCConfigurationList section */
		F21CC85328985D6D00C7FEED /* Build configuration list for PBXProject "Jacquard RTC" */ = {
			isa = XCConfigurationList;
			buildConfigurations = (
				F21CC86528985D6D00C7FEED /* Debug */,
				F21CC86628985D6D00C7FEED /* Release */,
			);
			defaultConfigurationIsVisible = 0;
			defaultConfigurationName = Release;
		};
		F21CC86728985D6D00C7FEED /* Build configuration list for PBXNativeTarget "iOS" */ = {
			isa = XCConfigurationList;
			buildConfigurations = (
				F21CC86828985D6D00C7FEED /* Debug */,
				F21CC86928985D6D00C7FEED /* Release */,
			);
			defaultConfigurationIsVisible = 0;
			defaultConfigurationName = Release;
		};
		F2C36798289EB07300927197 /* Build configuration list for PBXNativeTarget "macOS" */ = {
			isa = XCConfigurationList;
			buildConfigurations = (
				F2C36799289EB07300927197 /* Debug */,
				F2C3679A289EB07300927197 /* Release */,
			);
			defaultConfigurationIsVisible = 0;
			defaultConfigurationName = Release;
		};
/* End XCConfigurationList section */

/* Begin XCRemoteSwiftPackageReference section */
		F21CC86A28985DA600C7FEED /* XCRemoteSwiftPackageReference "JacquardSDKiOS" */ = {
			isa = XCRemoteSwiftPackageReference;
			repositoryURL = "https://github.com/google/JacquardSDKiOS.git";
			requirement = {
				kind = upToNextMajorVersion;
				minimumVersion = 0.2.0;
			};
		};
		F24B970E289D333C0062727E /* XCRemoteSwiftPackageReference "MultipeerKit" */ = {
			isa = XCRemoteSwiftPackageReference;
			repositoryURL = "https://github.com/insidegui/MultipeerKit.git";
			requirement = {
				kind = upToNextMajorVersion;
				minimumVersion = 0.4.0;
			};
		};
/* End XCRemoteSwiftPackageReference section */

/* Begin XCSwiftPackageProductDependency section */
		F21CC86B28985DA600C7FEED /* JacquardSDK */ = {
			isa = XCSwiftPackageProductDependency;
			package = F21CC86A28985DA600C7FEED /* XCRemoteSwiftPackageReference "JacquardSDKiOS" */;
			productName = JacquardSDK;
		};
		F24B970F289D333C0062727E /* MultipeerKit */ = {
			isa = XCSwiftPackageProductDependency;
			package = F24B970E289D333C0062727E /* XCRemoteSwiftPackageReference "MultipeerKit" */;
			productName = MultipeerKit;
		};
		F2C3679C289EB0C500927197 /* MultipeerKit */ = {
			isa = XCSwiftPackageProductDependency;
			package = F24B970E289D333C0062727E /* XCRemoteSwiftPackageReference "MultipeerKit" */;
			productName = MultipeerKit;
		};
/* End XCSwiftPackageProductDependency section */
	};
	rootObject = F21CC85028985D6D00C7FEED /* Project object */;
}
