// !$*UTF8*$!
{
	archiveVersion = 1;
	classes = {
	};
	objectVersion = 56;
	objects = {

/* Begin PBXBuildFile section */
		F21CC85C28985D6D00C7FEED /* Jacquard_RTCApp.swift in Sources */ = {isa = PBXBuildFile; fileRef = F21CC85B28985D6D00C7FEED /* Jacquard_RTCApp.swift */; };
		F21CC85E28985D6D00C7FEED /* ContentView.swift in Sources */ = {isa = PBXBuildFile; fileRef = F21CC85D28985D6D00C7FEED /* ContentView.swift */; };
		F21CC86028985D6D00C7FEED /* Assets.xcassets in Resources */ = {isa = PBXBuildFile; fileRef = F21CC85F28985D6D00C7FEED /* Assets.xcassets */; };
		F21CC86428985D6D00C7FEED /* Preview Assets.xcassets in Resources */ = {isa = PBXBuildFile; fileRef = F21CC86328985D6D00C7FEED /* Preview Assets.xcassets */; };
		F21CC86C28985DA600C7FEED /* JacquardSDK in Frameworks */ = {isa = PBXBuildFile; productRef = F21CC86B28985DA600C7FEED /* JacquardSDK */; };
		F243AF332899342500B4B81F /* LocalNetworkActorSystem.swift in Sources */ = {isa = PBXBuildFile; fileRef = F243AF322899342500B4B81F /* LocalNetworkActorSystem.swift */; };
		F243AF36289934CF00B4B81F /* LocalNetworkCallEncoder.swift in Sources */ = {isa = PBXBuildFile; fileRef = F243AF35289934CF00B4B81F /* LocalNetworkCallEncoder.swift */; };
		F243AF38289934EB00B4B81F /* LocalNetworkCallDecoder-.swift in Sources */ = {isa = PBXBuildFile; fileRef = F243AF37289934EB00B4B81F /* LocalNetworkCallDecoder-.swift */; };
		F243AF3B289935BA00B4B81F /* ActorIdentity.swift in Sources */ = {isa = PBXBuildFile; fileRef = F243AF3A289935BA00B4B81F /* ActorIdentity.swift */; };
		F243AF3D2899390600B4B81F /* ReceptionistPattern.swift in Sources */ = {isa = PBXBuildFile; fileRef = F243AF3C2899390600B4B81F /* ReceptionistPattern.swift */; };
		F2509C31289890D400BD2057 /* BonjourBrowser.swift in Sources */ = {isa = PBXBuildFile; fileRef = F2509C30289890D400BD2057 /* BonjourBrowser.swift */; };
		F2509C342898911700BD2057 /* Logger.swift in Sources */ = {isa = PBXBuildFile; fileRef = F2509C332898911700BD2057 /* Logger.swift */; };
		F2509C362898913300BD2057 /* BonjourConnection.swift in Sources */ = {isa = PBXBuildFile; fileRef = F2509C352898913300BD2057 /* BonjourConnection.swift */; };
		F2509C382898916C00BD2057 /* WireProtocol.swift in Sources */ = {isa = PBXBuildFile; fileRef = F2509C372898916C00BD2057 /* WireProtocol.swift */; };
		F2509C3A289892AA00BD2057 /* LocalNetworkReceptionist.swift in Sources */ = {isa = PBXBuildFile; fileRef = F2509C39289892AA00BD2057 /* LocalNetworkReceptionist.swift */; };
		F2AC66EC28987925008DF596 /* JacquardTagScanner.swift in Sources */ = {isa = PBXBuildFile; fileRef = F2AC66EB28987925008DF596 /* JacquardTagScanner.swift */; };
		F2B5F56D2899482E00115789 /* JacquardAct.swift in Sources */ = {isa = PBXBuildFile; fileRef = F2B5F56C2899482E00115789 /* JacquardAct.swift */; };
		F2B5F56F2899487300115789 /* JacquardDeliver.swift in Sources */ = {isa = PBXBuildFile; fileRef = F2B5F56E2899487300115789 /* JacquardDeliver.swift */; };
		F2B5F574289953A200115789 /* ConnectingView.swift in Sources */ = {isa = PBXBuildFile; fileRef = F2B5F573289953A200115789 /* ConnectingView.swift */; };
		F2E5AE8328992E00007F70B7 /* NIO in Frameworks */ = {isa = PBXBuildFile; productRef = F2E5AE8228992E00007F70B7 /* NIO */; };
		F2E5AE8528992E00007F70B7 /* NIOConcurrencyHelpers in Frameworks */ = {isa = PBXBuildFile; productRef = F2E5AE8428992E00007F70B7 /* NIOConcurrencyHelpers */; };
		F2E5AE8728992E00007F70B7 /* NIOCore in Frameworks */ = {isa = PBXBuildFile; productRef = F2E5AE8628992E00007F70B7 /* NIOCore */; };
		F2E5AE8928992E00007F70B7 /* NIOEmbedded in Frameworks */ = {isa = PBXBuildFile; productRef = F2E5AE8828992E00007F70B7 /* NIOEmbedded */; };
		F2E5AE8B28992E00007F70B7 /* NIOFoundationCompat in Frameworks */ = {isa = PBXBuildFile; productRef = F2E5AE8A28992E00007F70B7 /* NIOFoundationCompat */; };
		F2E5AE8D28992E00007F70B7 /* NIOHTTP1 in Frameworks */ = {isa = PBXBuildFile; productRef = F2E5AE8C28992E00007F70B7 /* NIOHTTP1 */; };
		F2E5AE8F28992E00007F70B7 /* NIOPosix in Frameworks */ = {isa = PBXBuildFile; productRef = F2E5AE8E28992E00007F70B7 /* NIOPosix */; };
		F2E5AE9128992E00007F70B7 /* NIOTLS in Frameworks */ = {isa = PBXBuildFile; productRef = F2E5AE9028992E00007F70B7 /* NIOTLS */; };
		F2E5AE9328992E00007F70B7 /* NIOTestUtils in Frameworks */ = {isa = PBXBuildFile; productRef = F2E5AE9228992E00007F70B7 /* NIOTestUtils */; };
		F2E5AE9528992E00007F70B7 /* NIOWebSocket in Frameworks */ = {isa = PBXBuildFile; productRef = F2E5AE9428992E00007F70B7 /* NIOWebSocket */; };
		F2E5AE9728992E00007F70B7 /* _NIOConcurrency in Frameworks */ = {isa = PBXBuildFile; productRef = F2E5AE9628992E00007F70B7 /* _NIOConcurrency */; };
		F2E5AE9A28992E28007F70B7 /* NIOTransportServices in Frameworks */ = {isa = PBXBuildFile; productRef = F2E5AE9928992E28007F70B7 /* NIOTransportServices */; };
/* End PBXBuildFile section */

/* Begin PBXFileReference section */
		F21CC85828985D6D00C7FEED /* Jacquard RTC.app */ = {isa = PBXFileReference; explicitFileType = wrapper.application; includeInIndex = 0; path = "Jacquard RTC.app"; sourceTree = BUILT_PRODUCTS_DIR; };
		F21CC85B28985D6D00C7FEED /* Jacquard_RTCApp.swift */ = {isa = PBXFileReference; lastKnownFileType = sourcecode.swift; path = Jacquard_RTCApp.swift; sourceTree = "<group>"; };
		F21CC85D28985D6D00C7FEED /* ContentView.swift */ = {isa = PBXFileReference; lastKnownFileType = sourcecode.swift; path = ContentView.swift; sourceTree = "<group>"; };
		F21CC85F28985D6D00C7FEED /* Assets.xcassets */ = {isa = PBXFileReference; lastKnownFileType = folder.assetcatalog; path = Assets.xcassets; sourceTree = "<group>"; };
		F21CC86128985D6D00C7FEED /* Jacquard_RTC.entitlements */ = {isa = PBXFileReference; lastKnownFileType = text.plist.entitlements; path = Jacquard_RTC.entitlements; sourceTree = "<group>"; };
		F21CC86328985D6D00C7FEED /* Preview Assets.xcassets */ = {isa = PBXFileReference; lastKnownFileType = folder.assetcatalog; path = "Preview Assets.xcassets"; sourceTree = "<group>"; };
		F21CC86D28985E2400C7FEED /* Jacquard-RTC-Info.plist */ = {isa = PBXFileReference; lastKnownFileType = text.plist; path = "Jacquard-RTC-Info.plist"; sourceTree = SOURCE_ROOT; };
		F243AF322899342500B4B81F /* LocalNetworkActorSystem.swift */ = {isa = PBXFileReference; lastKnownFileType = sourcecode.swift; path = LocalNetworkActorSystem.swift; sourceTree = "<group>"; };
		F243AF35289934CF00B4B81F /* LocalNetworkCallEncoder.swift */ = {isa = PBXFileReference; lastKnownFileType = sourcecode.swift; path = LocalNetworkCallEncoder.swift; sourceTree = "<group>"; };
		F243AF37289934EB00B4B81F /* LocalNetworkCallDecoder-.swift */ = {isa = PBXFileReference; lastKnownFileType = sourcecode.swift; path = "LocalNetworkCallDecoder-.swift"; sourceTree = "<group>"; };
		F243AF3A289935BA00B4B81F /* ActorIdentity.swift */ = {isa = PBXFileReference; lastKnownFileType = sourcecode.swift; path = ActorIdentity.swift; sourceTree = "<group>"; };
		F243AF3C2899390600B4B81F /* ReceptionistPattern.swift */ = {isa = PBXFileReference; lastKnownFileType = sourcecode.swift; path = ReceptionistPattern.swift; sourceTree = "<group>"; };
		F2509C30289890D400BD2057 /* BonjourBrowser.swift */ = {isa = PBXFileReference; lastKnownFileType = sourcecode.swift; path = BonjourBrowser.swift; sourceTree = "<group>"; };
		F2509C332898911700BD2057 /* Logger.swift */ = {isa = PBXFileReference; lastKnownFileType = sourcecode.swift; path = Logger.swift; sourceTree = "<group>"; };
		F2509C352898913300BD2057 /* BonjourConnection.swift */ = {isa = PBXFileReference; lastKnownFileType = sourcecode.swift; path = BonjourConnection.swift; sourceTree = "<group>"; };
		F2509C372898916C00BD2057 /* WireProtocol.swift */ = {isa = PBXFileReference; lastKnownFileType = sourcecode.swift; path = WireProtocol.swift; sourceTree = "<group>"; };
		F2509C39289892AA00BD2057 /* LocalNetworkReceptionist.swift */ = {isa = PBXFileReference; indentWidth = 4; lastKnownFileType = sourcecode.swift; path = LocalNetworkReceptionist.swift; sourceTree = "<group>"; tabWidth = 4; };
		F2AC66EB28987925008DF596 /* JacquardTagScanner.swift */ = {isa = PBXFileReference; lastKnownFileType = sourcecode.swift; path = JacquardTagScanner.swift; sourceTree = "<group>"; };
		F2B5F56C2899482E00115789 /* JacquardAct.swift */ = {isa = PBXFileReference; lastKnownFileType = sourcecode.swift; path = JacquardAct.swift; sourceTree = "<group>"; };
		F2B5F56E2899487300115789 /* JacquardDeliver.swift */ = {isa = PBXFileReference; lastKnownFileType = sourcecode.swift; path = JacquardDeliver.swift; sourceTree = "<group>"; };
		F2B5F573289953A200115789 /* ConnectingView.swift */ = {isa = PBXFileReference; lastKnownFileType = sourcecode.swift; path = ConnectingView.swift; sourceTree = "<group>"; };
/* End PBXFileReference section */

/* Begin PBXFrameworksBuildPhase section */
		F21CC85528985D6D00C7FEED /* Frameworks */ = {
			isa = PBXFrameworksBuildPhase;
			buildActionMask = 2147483647;
			files = (
				F2E5AE8528992E00007F70B7 /* NIOConcurrencyHelpers in Frameworks */,
				F2E5AE8F28992E00007F70B7 /* NIOPosix in Frameworks */,
				F21CC86C28985DA600C7FEED /* JacquardSDK in Frameworks */,
				F2E5AE9728992E00007F70B7 /* _NIOConcurrency in Frameworks */,
				F2E5AE8728992E00007F70B7 /* NIOCore in Frameworks */,
				F2E5AE9A28992E28007F70B7 /* NIOTransportServices in Frameworks */,
				F2E5AE8D28992E00007F70B7 /* NIOHTTP1 in Frameworks */,
				F2E5AE9328992E00007F70B7 /* NIOTestUtils in Frameworks */,
				F2E5AE9128992E00007F70B7 /* NIOTLS in Frameworks */,
				F2E5AE8328992E00007F70B7 /* NIO in Frameworks */,
				F2E5AE8B28992E00007F70B7 /* NIOFoundationCompat in Frameworks */,
				F2E5AE9528992E00007F70B7 /* NIOWebSocket in Frameworks */,
				F2E5AE8928992E00007F70B7 /* NIOEmbedded in Frameworks */,
			);
			runOnlyForDeploymentPostprocessing = 0;
		};
/* End PBXFrameworksBuildPhase section */

/* Begin PBXGroup section */
		F21CC84F28985D6D00C7FEED = {
			isa = PBXGroup;
			children = (
				F21CC85A28985D6D00C7FEED /* Jacquard RTC */,
				F21CC85928985D6D00C7FEED /* Products */,
			);
			sourceTree = "<group>";
		};
		F21CC85928985D6D00C7FEED /* Products */ = {
			isa = PBXGroup;
			children = (
				F21CC85828985D6D00C7FEED /* Jacquard RTC.app */,
			);
			name = Products;
			sourceTree = "<group>";
		};
		F21CC85A28985D6D00C7FEED /* Jacquard RTC */ = {
			isa = PBXGroup;
			children = (
				F2B5F5702899537A00115789 /* Views */,
				F243AF39289935AF00B4B81F /* Actor */,
				F2509C322898910100BD2057 /* Utilities */,
				F2509C2F289890AD00BD2057 /* Networking */,
				F21CC86D28985E2400C7FEED /* Jacquard-RTC-Info.plist */,
				F21CC85B28985D6D00C7FEED /* Jacquard_RTCApp.swift */,
				F21CC85D28985D6D00C7FEED /* ContentView.swift */,
				F2AC66EB28987925008DF596 /* JacquardTagScanner.swift */,
				F21CC85F28985D6D00C7FEED /* Assets.xcassets */,
				F21CC86128985D6D00C7FEED /* Jacquard_RTC.entitlements */,
				F21CC86228985D6D00C7FEED /* Preview Content */,
			);
			path = "Jacquard RTC";
			sourceTree = "<group>";
		};
		F21CC86228985D6D00C7FEED /* Preview Content */ = {
			isa = PBXGroup;
			children = (
				F21CC86328985D6D00C7FEED /* Preview Assets.xcassets */,
			);
			path = "Preview Content";
			sourceTree = "<group>";
		};
		F243AF34289934B600B4B81F /* LocalNetwork */ = {
			isa = PBXGroup;
			children = (
				F2509C39289892AA00BD2057 /* LocalNetworkReceptionist.swift */,
				F243AF322899342500B4B81F /* LocalNetworkActorSystem.swift */,
				F243AF35289934CF00B4B81F /* LocalNetworkCallEncoder.swift */,
				F243AF37289934EB00B4B81F /* LocalNetworkCallDecoder-.swift */,
				F243AF3C2899390600B4B81F /* ReceptionistPattern.swift */,
			);
			path = LocalNetwork;
			sourceTree = "<group>";
		};
		F243AF39289935AF00B4B81F /* Actor */ = {
			isa = PBXGroup;
			children = (
				F243AF3A289935BA00B4B81F /* ActorIdentity.swift */,
				F2B5F56C2899482E00115789 /* JacquardAct.swift */,
				F2B5F56E2899487300115789 /* JacquardDeliver.swift */,
			);
			path = Actor;
			sourceTree = "<group>";
		};
		F2509C2F289890AD00BD2057 /* Networking */ = {
			isa = PBXGroup;
			children = (
				F243AF34289934B600B4B81F /* LocalNetwork */,
				F2509C30289890D400BD2057 /* BonjourBrowser.swift */,
				F2509C352898913300BD2057 /* BonjourConnection.swift */,
				F2509C372898916C00BD2057 /* WireProtocol.swift */,
			);
			path = Networking;
			sourceTree = "<group>";
		};
		F2509C322898910100BD2057 /* Utilities */ = {
			isa = PBXGroup;
			children = (
				F2509C332898911700BD2057 /* Logger.swift */,
			);
			path = Utilities;
			sourceTree = "<group>";
		};
		F2B5F5702899537A00115789 /* Views */ = {
			isa = PBXGroup;
			children = (
				F2B5F573289953A200115789 /* ConnectingView.swift */,
			);
			path = Views;
			sourceTree = "<group>";
		};
/* End PBXGroup section */

/* Begin PBXNativeTarget section */
		F21CC85728985D6D00C7FEED /* Jacquard RTC */ = {
			isa = PBXNativeTarget;
			buildConfigurationList = F21CC86728985D6D00C7FEED /* Build configuration list for PBXNativeTarget "Jacquard RTC" */;
			buildPhases = (
				F21CC85428985D6D00C7FEED /* Sources */,
				F21CC85528985D6D00C7FEED /* Frameworks */,
				F21CC85628985D6D00C7FEED /* Resources */,
			);
			buildRules = (
			);
			dependencies = (
			);
			name = "Jacquard RTC";
			packageProductDependencies = (
				F21CC86B28985DA600C7FEED /* JacquardSDK */,
				F2E5AE8228992E00007F70B7 /* NIO */,
				F2E5AE8428992E00007F70B7 /* NIOConcurrencyHelpers */,
				F2E5AE8628992E00007F70B7 /* NIOCore */,
				F2E5AE8828992E00007F70B7 /* NIOEmbedded */,
				F2E5AE8A28992E00007F70B7 /* NIOFoundationCompat */,
				F2E5AE8C28992E00007F70B7 /* NIOHTTP1 */,
				F2E5AE8E28992E00007F70B7 /* NIOPosix */,
				F2E5AE9028992E00007F70B7 /* NIOTLS */,
				F2E5AE9228992E00007F70B7 /* NIOTestUtils */,
				F2E5AE9428992E00007F70B7 /* NIOWebSocket */,
				F2E5AE9628992E00007F70B7 /* _NIOConcurrency */,
				F2E5AE9928992E28007F70B7 /* NIOTransportServices */,
			);
			productName = "Jacquard RTC";
			productReference = F21CC85828985D6D00C7FEED /* Jacquard RTC.app */;
			productType = "com.apple.product-type.application";
		};
/* End PBXNativeTarget section */

/* Begin PBXProject section */
		F21CC85028985D6D00C7FEED /* Project object */ = {
			isa = PBXProject;
			attributes = {
				BuildIndependentTargetsInParallel = 1;
				LastSwiftUpdateCheck = 1400;
				LastUpgradeCheck = 1400;
				TargetAttributes = {
					F21CC85728985D6D00C7FEED = {
						CreatedOnToolsVersion = 14.0;
					};
				};
			};
			buildConfigurationList = F21CC85328985D6D00C7FEED /* Build configuration list for PBXProject "Jacquard RTC" */;
			compatibilityVersion = "Xcode 14.0";
			developmentRegion = en;
			hasScannedForEncodings = 0;
			knownRegions = (
				en,
				Base,
			);
			mainGroup = F21CC84F28985D6D00C7FEED;
			packageReferences = (
				F21CC86A28985DA600C7FEED /* XCRemoteSwiftPackageReference "JacquardSDKiOS" */,
				F2E5AE8128992E00007F70B7 /* XCRemoteSwiftPackageReference "swift-nio" */,
				F2E5AE9828992E28007F70B7 /* XCRemoteSwiftPackageReference "swift-nio-transport-services" */,
			);
			productRefGroup = F21CC85928985D6D00C7FEED /* Products */;
			projectDirPath = "";
			projectRoot = "";
			targets = (
				F21CC85728985D6D00C7FEED /* Jacquard RTC */,
			);
		};
/* End PBXProject section */

/* Begin PBXResourcesBuildPhase section */
		F21CC85628985D6D00C7FEED /* Resources */ = {
			isa = PBXResourcesBuildPhase;
			buildActionMask = 2147483647;
			files = (
				F21CC86428985D6D00C7FEED /* Preview Assets.xcassets in Resources */,
				F21CC86028985D6D00C7FEED /* Assets.xcassets in Resources */,
			);
			runOnlyForDeploymentPostprocessing = 0;
		};
/* End PBXResourcesBuildPhase section */

/* Begin PBXSourcesBuildPhase section */
		F21CC85428985D6D00C7FEED /* Sources */ = {
			isa = PBXSourcesBuildPhase;
			buildActionMask = 2147483647;
			files = (
				F2509C342898911700BD2057 /* Logger.swift in Sources */,
				F243AF3B289935BA00B4B81F /* ActorIdentity.swift in Sources */,
				F2B5F574289953A200115789 /* ConnectingView.swift in Sources */,
				F2B5F56F2899487300115789 /* JacquardDeliver.swift in Sources */,
				F243AF3D2899390600B4B81F /* ReceptionistPattern.swift in Sources */,
				F2509C382898916C00BD2057 /* WireProtocol.swift in Sources */,
				F21CC85E28985D6D00C7FEED /* ContentView.swift in Sources */,
				F2AC66EC28987925008DF596 /* JacquardTagScanner.swift in Sources */,
				F2B5F56D2899482E00115789 /* JacquardAct.swift in Sources */,
				F243AF38289934EB00B4B81F /* LocalNetworkCallDecoder-.swift in Sources */,
				F243AF332899342500B4B81F /* LocalNetworkActorSystem.swift in Sources */,
				F2509C31289890D400BD2057 /* BonjourBrowser.swift in Sources */,
				F21CC85C28985D6D00C7FEED /* Jacquard_RTCApp.swift in Sources */,
				F2509C362898913300BD2057 /* BonjourConnection.swift in Sources */,
				F2509C3A289892AA00BD2057 /* LocalNetworkReceptionist.swift in Sources */,
				F243AF36289934CF00B4B81F /* LocalNetworkCallEncoder.swift in Sources */,
			);
			runOnlyForDeploymentPostprocessing = 0;
		};
/* End PBXSourcesBuildPhase section */

/* Begin XCBuildConfiguration section */
		F21CC86528985D6D00C7FEED /* Debug */ = {
			isa = XCBuildConfiguration;
			buildSettings = {
				ALWAYS_SEARCH_USER_PATHS = NO;
				CLANG_ANALYZER_NONNULL = YES;
				CLANG_ANALYZER_NUMBER_OBJECT_CONVERSION = YES_AGGRESSIVE;
				CLANG_CXX_LANGUAGE_STANDARD = "gnu++17";
				CLANG_ENABLE_MODULES = YES;
				CLANG_ENABLE_OBJC_ARC = YES;
				CLANG_ENABLE_OBJC_WEAK = YES;
				CLANG_WARN_BLOCK_CAPTURE_AUTORELEASING = YES;
				CLANG_WARN_BOOL_CONVERSION = YES;
				CLANG_WARN_COMMA = YES;
				CLANG_WARN_CONSTANT_CONVERSION = YES;
				CLANG_WARN_DEPRECATED_OBJC_IMPLEMENTATIONS = YES;
				CLANG_WARN_DIRECT_OBJC_ISA_USAGE = YES_ERROR;
				CLANG_WARN_DOCUMENTATION_COMMENTS = YES;
				CLANG_WARN_EMPTY_BODY = YES;
				CLANG_WARN_ENUM_CONVERSION = YES;
				CLANG_WARN_INFINITE_RECURSION = YES;
				CLANG_WARN_INT_CONVERSION = YES;
				CLANG_WARN_NON_LITERAL_NULL_CONVERSION = YES;
				CLANG_WARN_OBJC_IMPLICIT_RETAIN_SELF = YES;
				CLANG_WARN_OBJC_LITERAL_CONVERSION = YES;
				CLANG_WARN_OBJC_ROOT_CLASS = YES_ERROR;
				CLANG_WARN_QUOTED_INCLUDE_IN_FRAMEWORK_HEADER = YES;
				CLANG_WARN_RANGE_LOOP_ANALYSIS = YES;
				CLANG_WARN_STRICT_PROTOTYPES = YES;
				CLANG_WARN_SUSPICIOUS_MOVE = YES;
				CLANG_WARN_UNGUARDED_AVAILABILITY = YES_AGGRESSIVE;
				CLANG_WARN_UNREACHABLE_CODE = YES;
				CLANG_WARN__DUPLICATE_METHOD_MATCH = YES;
				COPY_PHASE_STRIP = NO;
				DEBUG_INFORMATION_FORMAT = dwarf;
				ENABLE_STRICT_OBJC_MSGSEND = YES;
				ENABLE_TESTABILITY = YES;
				GCC_C_LANGUAGE_STANDARD = gnu11;
				GCC_DYNAMIC_NO_PIC = NO;
				GCC_NO_COMMON_BLOCKS = YES;
				GCC_OPTIMIZATION_LEVEL = 0;
				GCC_PREPROCESSOR_DEFINITIONS = (
					"DEBUG=1",
					"$(inherited)",
				);
				GCC_WARN_64_TO_32_BIT_CONVERSION = YES;
				GCC_WARN_ABOUT_RETURN_TYPE = YES_ERROR;
				GCC_WARN_UNDECLARED_SELECTOR = YES;
				GCC_WARN_UNINITIALIZED_AUTOS = YES_AGGRESSIVE;
				GCC_WARN_UNUSED_FUNCTION = YES;
				GCC_WARN_UNUSED_VARIABLE = YES;
				MTL_ENABLE_DEBUG_INFO = INCLUDE_SOURCE;
				MTL_FAST_MATH = YES;
				ONLY_ACTIVE_ARCH = YES;
				SWIFT_ACTIVE_COMPILATION_CONDITIONS = DEBUG;
				SWIFT_OPTIMIZATION_LEVEL = "-Onone";
			};
			name = Debug;
		};
		F21CC86628985D6D00C7FEED /* Release */ = {
			isa = XCBuildConfiguration;
			buildSettings = {
				ALWAYS_SEARCH_USER_PATHS = NO;
				CLANG_ANALYZER_NONNULL = YES;
				CLANG_ANALYZER_NUMBER_OBJECT_CONVERSION = YES_AGGRESSIVE;
				CLANG_CXX_LANGUAGE_STANDARD = "gnu++17";
				CLANG_ENABLE_MODULES = YES;
				CLANG_ENABLE_OBJC_ARC = YES;
				CLANG_ENABLE_OBJC_WEAK = YES;
				CLANG_WARN_BLOCK_CAPTURE_AUTORELEASING = YES;
				CLANG_WARN_BOOL_CONVERSION = YES;
				CLANG_WARN_COMMA = YES;
				CLANG_WARN_CONSTANT_CONVERSION = YES;
				CLANG_WARN_DEPRECATED_OBJC_IMPLEMENTATIONS = YES;
				CLANG_WARN_DIRECT_OBJC_ISA_USAGE = YES_ERROR;
				CLANG_WARN_DOCUMENTATION_COMMENTS = YES;
				CLANG_WARN_EMPTY_BODY = YES;
				CLANG_WARN_ENUM_CONVERSION = YES;
				CLANG_WARN_INFINITE_RECURSION = YES;
				CLANG_WARN_INT_CONVERSION = YES;
				CLANG_WARN_NON_LITERAL_NULL_CONVERSION = YES;
				CLANG_WARN_OBJC_IMPLICIT_RETAIN_SELF = YES;
				CLANG_WARN_OBJC_LITERAL_CONVERSION = YES;
				CLANG_WARN_OBJC_ROOT_CLASS = YES_ERROR;
				CLANG_WARN_QUOTED_INCLUDE_IN_FRAMEWORK_HEADER = YES;
				CLANG_WARN_RANGE_LOOP_ANALYSIS = YES;
				CLANG_WARN_STRICT_PROTOTYPES = YES;
				CLANG_WARN_SUSPICIOUS_MOVE = YES;
				CLANG_WARN_UNGUARDED_AVAILABILITY = YES_AGGRESSIVE;
				CLANG_WARN_UNREACHABLE_CODE = YES;
				CLANG_WARN__DUPLICATE_METHOD_MATCH = YES;
				COPY_PHASE_STRIP = NO;
				DEBUG_INFORMATION_FORMAT = "dwarf-with-dsym";
				ENABLE_NS_ASSERTIONS = NO;
				ENABLE_STRICT_OBJC_MSGSEND = YES;
				GCC_C_LANGUAGE_STANDARD = gnu11;
				GCC_NO_COMMON_BLOCKS = YES;
				GCC_WARN_64_TO_32_BIT_CONVERSION = YES;
				GCC_WARN_ABOUT_RETURN_TYPE = YES_ERROR;
				GCC_WARN_UNDECLARED_SELECTOR = YES;
				GCC_WARN_UNINITIALIZED_AUTOS = YES_AGGRESSIVE;
				GCC_WARN_UNUSED_FUNCTION = YES;
				GCC_WARN_UNUSED_VARIABLE = YES;
				MTL_ENABLE_DEBUG_INFO = NO;
				MTL_FAST_MATH = YES;
				SWIFT_COMPILATION_MODE = wholemodule;
				SWIFT_OPTIMIZATION_LEVEL = "-O";
			};
			name = Release;
		};
		F21CC86828985D6D00C7FEED /* Debug */ = {
			isa = XCBuildConfiguration;
			buildSettings = {
				ASSETCATALOG_COMPILER_APPICON_NAME = AppIcon;
				ASSETCATALOG_COMPILER_GLOBAL_ACCENT_COLOR_NAME = AccentColor;
				ASSETCATALOG_COMPILER_INCLUDE_ALL_APPICON_ASSETS = NO;
				CODE_SIGN_ENTITLEMENTS = "Jacquard RTC/Jacquard_RTC.entitlements";
				CODE_SIGN_STYLE = Automatic;
				CURRENT_PROJECT_VERSION = 1;
				DEVELOPMENT_ASSET_PATHS = "\"Jacquard RTC/Preview Content\"";
				DEVELOPMENT_TEAM = 3Q5KKY45ZN;
				ENABLE_HARDENED_RUNTIME = YES;
				ENABLE_PREVIEWS = YES;
				GENERATE_INFOPLIST_FILE = YES;
				INFOPLIST_FILE = "Jacquard-RTC-Info.plist";
				INFOPLIST_KEY_CFBundleDisplayName = "Jacquard RTC";
				INFOPLIST_KEY_LSApplicationCategoryType = "public.app-category.utilities";
				"INFOPLIST_KEY_UILaunchScreen_Generation[sdk=iphoneos*]" = YES;
				"INFOPLIST_KEY_UILaunchScreen_Generation[sdk=iphonesimulator*]" = YES;
				INFOPLIST_KEY_UIStatusBarHidden = NO;
				INFOPLIST_KEY_UISupportedInterfaceOrientations = UIInterfaceOrientationPortrait;
				INFOPLIST_KEY_UISupportedInterfaceOrientations_iPad = "UIInterfaceOrientationLandscapeLeft UIInterfaceOrientationLandscapeRight UIInterfaceOrientationPortraitUpsideDown";
				IPHONEOS_DEPLOYMENT_TARGET = 16.0;
				LD_RUNPATH_SEARCH_PATHS = "@executable_path/Frameworks";
				"LD_RUNPATH_SEARCH_PATHS[sdk=macosx*]" = "@executable_path/../Frameworks";
				MACOSX_DEPLOYMENT_TARGET = 12.5;
				MARKETING_VERSION = 1.0;
				PRODUCT_BUNDLE_IDENTIFIER = "com.rayriffy.Jacquard-RTC";
				PRODUCT_NAME = "$(TARGET_NAME)";
				SDKROOT = auto;
				SUPPORTED_PLATFORMS = "iphoneos iphonesimulator";
				SUPPORTS_MACCATALYST = NO;
				SUPPORTS_MAC_DESIGNED_FOR_IPHONE_IPAD = NO;
				SWIFT_EMIT_LOC_STRINGS = YES;
				SWIFT_VERSION = 5.0;
				TARGETED_DEVICE_FAMILY = 1;
			};
			name = Debug;
		};
		F21CC86928985D6D00C7FEED /* Release */ = {
			isa = XCBuildConfiguration;
			buildSettings = {
				ASSETCATALOG_COMPILER_APPICON_NAME = AppIcon;
				ASSETCATALOG_COMPILER_GLOBAL_ACCENT_COLOR_NAME = AccentColor;
				ASSETCATALOG_COMPILER_INCLUDE_ALL_APPICON_ASSETS = NO;
				CODE_SIGN_ENTITLEMENTS = "Jacquard RTC/Jacquard_RTC.entitlements";
				CODE_SIGN_STYLE = Automatic;
				CURRENT_PROJECT_VERSION = 1;
				DEVELOPMENT_ASSET_PATHS = "\"Jacquard RTC/Preview Content\"";
				DEVELOPMENT_TEAM = 3Q5KKY45ZN;
				ENABLE_HARDENED_RUNTIME = YES;
				ENABLE_PREVIEWS = YES;
				GENERATE_INFOPLIST_FILE = YES;
				INFOPLIST_FILE = "Jacquard-RTC-Info.plist";
				INFOPLIST_KEY_CFBundleDisplayName = "Jacquard RTC";
				INFOPLIST_KEY_LSApplicationCategoryType = "public.app-category.utilities";
				"INFOPLIST_KEY_UILaunchScreen_Generation[sdk=iphoneos*]" = YES;
				"INFOPLIST_KEY_UILaunchScreen_Generation[sdk=iphonesimulator*]" = YES;
				INFOPLIST_KEY_UIStatusBarHidden = NO;
				INFOPLIST_KEY_UISupportedInterfaceOrientations = UIInterfaceOrientationPortrait;
				INFOPLIST_KEY_UISupportedInterfaceOrientations_iPad = "UIInterfaceOrientationLandscapeLeft UIInterfaceOrientationLandscapeRight UIInterfaceOrientationPortraitUpsideDown";
				IPHONEOS_DEPLOYMENT_TARGET = 16.0;
				LD_RUNPATH_SEARCH_PATHS = "@executable_path/Frameworks";
				"LD_RUNPATH_SEARCH_PATHS[sdk=macosx*]" = "@executable_path/../Frameworks";
				MACOSX_DEPLOYMENT_TARGET = 12.5;
				MARKETING_VERSION = 1.0;
				PRODUCT_BUNDLE_IDENTIFIER = "com.rayriffy.Jacquard-RTC";
				PRODUCT_NAME = "$(TARGET_NAME)";
				SDKROOT = auto;
				SUPPORTED_PLATFORMS = "iphoneos iphonesimulator";
				SUPPORTS_MACCATALYST = NO;
				SUPPORTS_MAC_DESIGNED_FOR_IPHONE_IPAD = NO;
				SWIFT_EMIT_LOC_STRINGS = YES;
				SWIFT_VERSION = 5.0;
				TARGETED_DEVICE_FAMILY = 1;
			};
			name = Release;
		};
/* End XCBuildConfiguration section */

/* Begin XCConfigurationList section */
		F21CC85328985D6D00C7FEED /* Build configuration list for PBXProject "Jacquard RTC" */ = {
			isa = XCConfigurationList;
			buildConfigurations = (
				F21CC86528985D6D00C7FEED /* Debug */,
				F21CC86628985D6D00C7FEED /* Release */,
			);
			defaultConfigurationIsVisible = 0;
			defaultConfigurationName = Release;
		};
		F21CC86728985D6D00C7FEED /* Build configuration list for PBXNativeTarget "Jacquard RTC" */ = {
			isa = XCConfigurationList;
			buildConfigurations = (
				F21CC86828985D6D00C7FEED /* Debug */,
				F21CC86928985D6D00C7FEED /* Release */,
			);
			defaultConfigurationIsVisible = 0;
			defaultConfigurationName = Release;
		};
/* End XCConfigurationList section */

/* Begin XCRemoteSwiftPackageReference section */
		F21CC86A28985DA600C7FEED /* XCRemoteSwiftPackageReference "JacquardSDKiOS" */ = {
			isa = XCRemoteSwiftPackageReference;
			repositoryURL = "https://github.com/google/JacquardSDKiOS.git";
			requirement = {
				kind = upToNextMajorVersion;
				minimumVersion = 0.2.0;
			};
		};
		F2E5AE8128992E00007F70B7 /* XCRemoteSwiftPackageReference "swift-nio" */ = {
			isa = XCRemoteSwiftPackageReference;
			repositoryURL = "https://github.com/apple/swift-nio.git";
			requirement = {
				kind = upToNextMajorVersion;
				minimumVersion = 2.0.0;
			};
		};
		F2E5AE9828992E28007F70B7 /* XCRemoteSwiftPackageReference "swift-nio-transport-services" */ = {
			isa = XCRemoteSwiftPackageReference;
			repositoryURL = "https://github.com/apple/swift-nio-transport-services.git";
			requirement = {
				kind = upToNextMajorVersion;
				minimumVersion = 1.0.0;
			};
		};
/* End XCRemoteSwiftPackageReference section */

/* Begin XCSwiftPackageProductDependency section */
		F21CC86B28985DA600C7FEED /* JacquardSDK */ = {
			isa = XCSwiftPackageProductDependency;
			package = F21CC86A28985DA600C7FEED /* XCRemoteSwiftPackageReference "JacquardSDKiOS" */;
			productName = JacquardSDK;
		};
		F2E5AE8228992E00007F70B7 /* NIO */ = {
			isa = XCSwiftPackageProductDependency;
			package = F2E5AE8128992E00007F70B7 /* XCRemoteSwiftPackageReference "swift-nio" */;
			productName = NIO;
		};
		F2E5AE8428992E00007F70B7 /* NIOConcurrencyHelpers */ = {
			isa = XCSwiftPackageProductDependency;
			package = F2E5AE8128992E00007F70B7 /* XCRemoteSwiftPackageReference "swift-nio" */;
			productName = NIOConcurrencyHelpers;
		};
		F2E5AE8628992E00007F70B7 /* NIOCore */ = {
			isa = XCSwiftPackageProductDependency;
			package = F2E5AE8128992E00007F70B7 /* XCRemoteSwiftPackageReference "swift-nio" */;
			productName = NIOCore;
		};
		F2E5AE8828992E00007F70B7 /* NIOEmbedded */ = {
			isa = XCSwiftPackageProductDependency;
			package = F2E5AE8128992E00007F70B7 /* XCRemoteSwiftPackageReference "swift-nio" */;
			productName = NIOEmbedded;
		};
		F2E5AE8A28992E00007F70B7 /* NIOFoundationCompat */ = {
			isa = XCSwiftPackageProductDependency;
			package = F2E5AE8128992E00007F70B7 /* XCRemoteSwiftPackageReference "swift-nio" */;
			productName = NIOFoundationCompat;
		};
		F2E5AE8C28992E00007F70B7 /* NIOHTTP1 */ = {
			isa = XCSwiftPackageProductDependency;
			package = F2E5AE8128992E00007F70B7 /* XCRemoteSwiftPackageReference "swift-nio" */;
			productName = NIOHTTP1;
		};
		F2E5AE8E28992E00007F70B7 /* NIOPosix */ = {
			isa = XCSwiftPackageProductDependency;
			package = F2E5AE8128992E00007F70B7 /* XCRemoteSwiftPackageReference "swift-nio" */;
			productName = NIOPosix;
		};
		F2E5AE9028992E00007F70B7 /* NIOTLS */ = {
			isa = XCSwiftPackageProductDependency;
			package = F2E5AE8128992E00007F70B7 /* XCRemoteSwiftPackageReference "swift-nio" */;
			productName = NIOTLS;
		};
		F2E5AE9228992E00007F70B7 /* NIOTestUtils */ = {
			isa = XCSwiftPackageProductDependency;
			package = F2E5AE8128992E00007F70B7 /* XCRemoteSwiftPackageReference "swift-nio" */;
			productName = NIOTestUtils;
		};
		F2E5AE9428992E00007F70B7 /* NIOWebSocket */ = {
			isa = XCSwiftPackageProductDependency;
			package = F2E5AE8128992E00007F70B7 /* XCRemoteSwiftPackageReference "swift-nio" */;
			productName = NIOWebSocket;
		};
		F2E5AE9628992E00007F70B7 /* _NIOConcurrency */ = {
			isa = XCSwiftPackageProductDependency;
			package = F2E5AE8128992E00007F70B7 /* XCRemoteSwiftPackageReference "swift-nio" */;
			productName = _NIOConcurrency;
		};
		F2E5AE9928992E28007F70B7 /* NIOTransportServices */ = {
			isa = XCSwiftPackageProductDependency;
			package = F2E5AE9828992E28007F70B7 /* XCRemoteSwiftPackageReference "swift-nio-transport-services" */;
			productName = NIOTransportServices;
		};
/* End XCSwiftPackageProductDependency section */
	};
	rootObject = F21CC85028985D6D00C7FEED /* Project object */;
}
